
Microsoft Visual Studio Solution File, Format Version 12.00
# Visual Studio Version 17
VisualStudioVersion = 17.11.35303.130
MinimumVisualStudioVersion = 10.0.40219.1
Project("{FAE04EC0-301F-11D3-BF4B-00C04F79EFBC}") = "NetWPFAreasApp", "NetWPFAreasApp\NetWPFAreasApp.csproj", "{3416A1B2-6ACD-4A77-9355-7ECF981107FD}"
EndProject
Global
	GlobalSection(SolutionConfigurationPlatforms) = preSolution
		Debug|Any CPU = Debug|Any CPU
		Release|Any CPU = Release|Any CPU
	EndGlobalSection
	GlobalSection(ProjectConfigurationPlatforms) = postSolution
		{3416A1B2-6ACD-4A77-9355-7ECF981107FD}.Debug|Any CPU.ActiveCfg = Debug|Any CPU
		{3416A1B2-6ACD-4A77-9355-7ECF981107FD}.Debug|Any CPU.Build.0 = Debug|Any CPU
		{3416A1B2-6ACD-4A77-9355-7ECF981107FD}.Release|Any CPU.ActiveCfg = Release|Any CPU
		{3416A1B2-6ACD-4A77-9355-7ECF981107FD}.Release|Any CPU.Build.0 = Release|Any CPU
	EndGlobalSection
	GlobalSection(SolutionProperties) = preSolution
		HideSolutionNode = FALSE
	EndGlobalSection
	GlobalSection(ExtensibilityGlobals) = postSolution
		SolutionGuid = {F830501D-4AA8-4896-8E2F-5BE2940E8AC4}
	EndGlobalSection
EndGlobal
